<?xml version="1.0" encoding="UTF-8" standalone="yes" ?>
<CodeBlocks_project_file>
	<FileVersion major="1" minor="6" />
	<Project>
		<Option title="VisualizingSorts" />
		<Option pch_mode="2" />
		<Option compiler="gcc" />
		<Build>
			<Target title="Debug">
				<Option output="bin/Debug/VisualizingSorts" prefix_auto="1" extension_auto="1" />
				<Option object_output="obj/Debug/" />
				<Option type="1" />
				<Option compiler="gcc" />
				<Compiler>
					<Add option="-g" />
					<Add directory="include" />
				</Compiler>
				<Linker>
					<Add directory="lib" />
				</Linker>
			</Target>
			<Target title="Release">
				<Option output="bin/Release/VisualizingSorts" prefix_auto="1" extension_auto="1" />
				<Option object_output="obj/Release/" />
				<Option type="1" />
				<Option compiler="gcc" />
				<Compiler>
					<Add option="-O2" />
					<Add directory="include" />
				</Compiler>
				<Linker>
					<Add option="-s" />
					<Add option="-pthread" />
					<Add library="sfml-window" />
					<Add library="sfml-graphics" />
					<Add library="sfml-system" />
					<Add directory="lib" />
				</Linker>
			</Target>
		</Build>
		<Compiler>
			<Add option="-Wall" />
		</Compiler>
		<Unit filename="src/Viewer.cpp" />
		<Unit filename="src/Viewer.h" />
		<Unit filename="src/algorithm.cpp" />
		<Unit filename="src/algorithm.h" />
		<Unit filename="src/blocks.cpp" />
		<Unit filename="src/blocks.h" />
		<Unit filename="src/main.cpp" />
		<Extensions />
	</Project>
</CodeBlocks_project_file>
